
Microsoft Visual Studio Solution File, Format Version 12.00
# Visual Studio Version 16
VisualStudioVersion = 16.0.28803.156
MinimumVisualStudioVersion = 10.0.40219.1
Project("{FAE04EC0-301F-11D3-BF4B-00C04F79EFBC}") = "EntityFrameworkRepository", "EntityFrameworkRepository\EntityFrameworkRepository.csproj", "{9B42FC04-886D-47B9-84D3-3BBC71006386}"
EndProject
Project("{FAE04EC0-301F-11D3-BF4B-00C04F79EFBC}") = "EntityFrameworkRepositoryTests", "EntityFrameworkRepositoryTests\EntityFrameworkRepositoryTests.csproj", "{3E029D19-FD4A-43C1-888C-2F6C7C570443}"
EndProject
Global
	GlobalSection(SolutionConfigurationPlatforms) = preSolution
		Debug|Any CPU = Debug|Any CPU
		Release|Any CPU = Release|Any CPU
	EndGlobalSection
	GlobalSection(ProjectConfigurationPlatforms) = postSolution
		{9B42FC04-886D-47B9-84D3-3BBC71006386}.Debug|Any CPU.ActiveCfg = Debug|Any CPU
		{9B42FC04-886D-47B9-84D3-3BBC71006386}.Debug|Any CPU.Build.0 = Debug|Any CPU
		{9B42FC04-886D-47B9-84D3-3BBC71006386}.Release|Any CPU.ActiveCfg = Release|Any CPU
		{9B42FC04-886D-47B9-84D3-3BBC71006386}.Release|Any CPU.Build.0 = Release|Any CPU
		{3E029D19-FD4A-43C1-888C-2F6C7C570443}.Debug|Any CPU.ActiveCfg = Debug|Any CPU
		{3E029D19-FD4A-43C1-888C-2F6C7C570443}.Debug|Any CPU.Build.0 = Debug|Any CPU
		{3E029D19-FD4A-43C1-888C-2F6C7C570443}.Release|Any CPU.ActiveCfg = Release|Any CPU
		{3E029D19-FD4A-43C1-888C-2F6C7C570443}.Release|Any CPU.Build.0 = Release|Any CPU
	EndGlobalSection
	GlobalSection(SolutionProperties) = preSolution
		HideSolutionNode = FALSE
	EndGlobalSection
	GlobalSection(ExtensibilityGlobals) = postSolution
		SolutionGuid = {80F957AD-3BCD-40DE-92EB-3191C14C66FB}
	EndGlobalSection
EndGlobal
